
Microsoft Visual Studio Solution File, Format Version 12.00
# Visual Studio Version 17
VisualStudioVersion = 17.10.35013.160
MinimumVisualStudioVersion = 10.0.40219.1
Project("{FAE04EC0-301F-11D3-BF4B-00C04F79EFBC}") = "ProjectManagement", "ProjectManagement\ProjectManagement.csproj", "{C0FD27BB-2393-4641-9F24-26EE2CDF40FC}"
EndProject
Project("{FAE04EC0-301F-11D3-BF4B-00C04F79EFBC}") = "Entities", "Entities\Entities.csproj", "{795764D9-E989-4355-8DC8-1034542205B8}"
EndProject
Project("{FAE04EC0-301F-11D3-BF4B-00C04F79EFBC}") = "Contracts", "Contracts\Contracts.csproj", "{EEEBBFCC-4B81-4F57-9B7C-0DD2CAAE59A7}"
EndProject
Project("{FAE04EC0-301F-11D3-BF4B-00C04F79EFBC}") = "LoggerService", "LoggerService\LoggerService.csproj", "{11A0173C-D9AB-4550-A696-A64ACA6C3BD6}"
EndProject
Global
	GlobalSection(SolutionConfigurationPlatforms) = preSolution
		Debug|Any CPU = Debug|Any CPU
		Release|Any CPU = Release|Any CPU
	EndGlobalSection
	GlobalSection(ProjectConfigurationPlatforms) = postSolution
		{C0FD27BB-2393-4641-9F24-26EE2CDF40FC}.Debug|Any CPU.ActiveCfg = Debug|Any CPU
		{C0FD27BB-2393-4641-9F24-26EE2CDF40FC}.Debug|Any CPU.Build.0 = Debug|Any CPU
		{C0FD27BB-2393-4641-9F24-26EE2CDF40FC}.Release|Any CPU.ActiveCfg = Release|Any CPU
		{C0FD27BB-2393-4641-9F24-26EE2CDF40FC}.Release|Any CPU.Build.0 = Release|Any CPU
		{795764D9-E989-4355-8DC8-1034542205B8}.Debug|Any CPU.ActiveCfg = Debug|Any CPU
		{795764D9-E989-4355-8DC8-1034542205B8}.Debug|Any CPU.Build.0 = Debug|Any CPU
		{795764D9-E989-4355-8DC8-1034542205B8}.Release|Any CPU.ActiveCfg = Release|Any CPU
		{795764D9-E989-4355-8DC8-1034542205B8}.Release|Any CPU.Build.0 = Release|Any CPU
		{EEEBBFCC-4B81-4F57-9B7C-0DD2CAAE59A7}.Debug|Any CPU.ActiveCfg = Debug|Any CPU
		{EEEBBFCC-4B81-4F57-9B7C-0DD2CAAE59A7}.Debug|Any CPU.Build.0 = Debug|Any CPU
		{EEEBBFCC-4B81-4F57-9B7C-0DD2CAAE59A7}.Release|Any CPU.ActiveCfg = Release|Any CPU
		{EEEBBFCC-4B81-4F57-9B7C-0DD2CAAE59A7}.Release|Any CPU.Build.0 = Release|Any CPU
		{11A0173C-D9AB-4550-A696-A64ACA6C3BD6}.Debug|Any CPU.ActiveCfg = Debug|Any CPU
		{11A0173C-D9AB-4550-A696-A64ACA6C3BD6}.Debug|Any CPU.Build.0 = Debug|Any CPU
		{11A0173C-D9AB-4550-A696-A64ACA6C3BD6}.Release|Any CPU.ActiveCfg = Release|Any CPU
		{11A0173C-D9AB-4550-A696-A64ACA6C3BD6}.Release|Any CPU.Build.0 = Release|Any CPU
	EndGlobalSection
	GlobalSection(SolutionProperties) = preSolution
		HideSolutionNode = FALSE
	EndGlobalSection
	GlobalSection(ExtensibilityGlobals) = postSolution
		SolutionGuid = {BD27AC76-7A8C-444B-81FE-6563127084AF}
	EndGlobalSection
EndGlobal
